// !$*UTF8*$!
{
	archiveVersion = 1;
	classes = {
	};
	objectVersion = 56;
	objects = {

/* Begin PBXBuildFile section */
		50BAE4232CF3B71F00B5E74E /* main.swift in Sources */ = {isa = PBXBuildFile; fileRef = 50BAE4222CF3B71F00B5E74E /* main.swift */; };
		50BAE42A2CF3B75600B5E74E /* Cli.swift in Sources */ = {isa = PBXBuildFile; fileRef = 50BAE4292CF3B75600B5E74E /* Cli.swift */; };
		50BAE42C2CF3B7AC00B5E74E /* GameEngine.swift in Sources */ = {isa = PBXBuildFile; fileRef = 50BAE42B2CF3B7AC00B5E74E /* GameEngine.swift */; };
		50BAE4352CF3BA3100B5E74E /* GameRound.swift in Sources */ = {isa = PBXBuildFile; fileRef = 50BAE4342CF3BA3100B5E74E /* GameRound.swift */; };
		50BAE4382CF3BB3C00B5E74E /* EvenGame.swift in Sources */ = {isa = PBXBuildFile; fileRef = 50BAE4372CF3BB3C00B5E74E /* EvenGame.swift */; };
		50BAE43C2CF3BBC400B5E74E /* EvenCalc.swift in Sources */ = {isa = PBXBuildFile; fileRef = 50BAE43B2CF3BBC400B5E74E /* EvenCalc.swift */; };
		50BAE43E2CF3BC1300B5E74E /* BrainGSD.swift in Sources */ = {isa = PBXBuildFile; fileRef = 50BAE43D2CF3BC1200B5E74E /* BrainGSD.swift */; };
		50BAE4402CF3BC7700B5E74E /* ProgressionGame.swift in Sources */ = {isa = PBXBuildFile; fileRef = 50BAE43F2CF3BC7700B5E74E /* ProgressionGame.swift */; };
		50BAE4422CF3BCAD00B5E74E /* PrimeNumber.swift in Sources */ = {isa = PBXBuildFile; fileRef = 50BAE4412CF3BCAD00B5E74E /* PrimeNumber.swift */; };
/* End PBXBuildFile section */

/* Begin PBXCopyFilesBuildPhase section */
		50BAE41D2CF3B71F00B5E74E /* CopyFiles */ = {
			isa = PBXCopyFilesBuildPhase;
			buildActionMask = 2147483647;
			dstPath = /usr/share/man/man1/;
			dstSubfolderSpec = 0;
			files = (
			);
			runOnlyForDeploymentPostprocessing = 1;
		};
/* End PBXCopyFilesBuildPhase section */

/* Begin PBXFileReference section */
		50BAE41F2CF3B71F00B5E74E /* Swift Game */ = {isa = PBXFileReference; explicitFileType = "compiled.mach-o.executable"; includeInIndex = 0; path = "Swift Game"; sourceTree = BUILT_PRODUCTS_DIR; };
		50BAE4222CF3B71F00B5E74E /* main.swift */ = {isa = PBXFileReference; lastKnownFileType = sourcecode.swift; path = main.swift; sourceTree = "<group>"; };
		50BAE4292CF3B75600B5E74E /* Cli.swift */ = {isa = PBXFileReference; lastKnownFileType = sourcecode.swift; path = Cli.swift; sourceTree = "<group>"; };
		50BAE42B2CF3B7AC00B5E74E /* GameEngine.swift */ = {isa = PBXFileReference; lastKnownFileType = sourcecode.swift; path = GameEngine.swift; sourceTree = "<group>"; };
		50BAE4342CF3BA3100B5E74E /* GameRound.swift */ = {isa = PBXFileReference; lastKnownFileType = sourcecode.swift; path = GameRound.swift; sourceTree = "<group>"; };
		50BAE4372CF3BB3C00B5E74E /* EvenGame.swift */ = {isa = PBXFileReference; fileEncoding = 4; lastKnownFileType = sourcecode.swift; name = EvenGame.swift; path = ../EvenGame.swift; sourceTree = "<group>"; };
		50BAE43B2CF3BBC400B5E74E /* EvenCalc.swift */ = {isa = PBXFileReference; fileEncoding = 4; lastKnownFileType = sourcecode.swift; name = EvenCalc.swift; path = ../EvenCalc.swift; sourceTree = "<group>"; };
		50BAE43D2CF3BC1200B5E74E /* BrainGSD.swift */ = {isa = PBXFileReference; fileEncoding = 4; lastKnownFileType = sourcecode.swift; name = BrainGSD.swift; path = ../BrainGSD.swift; sourceTree = "<group>"; };
		50BAE43F2CF3BC7700B5E74E /* ProgressionGame.swift */ = {isa = PBXFileReference; fileEncoding = 4; lastKnownFileType = sourcecode.swift; name = ProgressionGame.swift; path = ../ProgressionGame.swift; sourceTree = "<group>"; };
		50BAE4412CF3BCAD00B5E74E /* PrimeNumber.swift */ = {isa = PBXFileReference; fileEncoding = 4; lastKnownFileType = sourcecode.swift; name = PrimeNumber.swift; path = ../PrimeNumber.swift; sourceTree = "<group>"; };
		50BAE4432CF4530D00B5E74E /* .gitignore */ = {isa = PBXFileReference; lastKnownFileType = text; path = .gitignore; sourceTree = "<group>"; };
/* End PBXFileReference section */

/* Begin PBXFrameworksBuildPhase section */
		50BAE41C2CF3B71F00B5E74E /* Frameworks */ = {
			isa = PBXFrameworksBuildPhase;
			buildActionMask = 2147483647;
			files = (
			);
			runOnlyForDeploymentPostprocessing = 0;
		};
/* End PBXFrameworksBuildPhase section */

/* Begin PBXGroup section */
		50BAE4162CF3B71F00B5E74E = {
			isa = PBXGroup;
			children = (
				50BAE4212CF3B71F00B5E74E /* Swift Game */,
				50BAE4202CF3B71F00B5E74E /* Products */,
			);
			sourceTree = "<group>";
		};
		50BAE4202CF3B71F00B5E74E /* Products */ = {
			isa = PBXGroup;
			children = (
				50BAE41F2CF3B71F00B5E74E /* Swift Game */,
			);
			name = Products;
			sourceTree = "<group>";
		};
		50BAE4212CF3B71F00B5E74E /* Swift Game */ = {
			isa = PBXGroup;
			children = (
				50BAE4222CF3B71F00B5E74E /* main.swift */,
				50BAE4292CF3B75600B5E74E /* Cli.swift */,
				50BAE4362CF3BB2B00B5E74E /* games */,
				50BAE42B2CF3B7AC00B5E74E /* GameEngine.swift */,
				50BAE4342CF3BA3100B5E74E /* GameRound.swift */,
				50BAE4432CF4530D00B5E74E /* .gitignore */,
			);
			path = "Swift Game";
			sourceTree = "<group>";
		};
		50BAE4362CF3BB2B00B5E74E /* games */ = {
			isa = PBXGroup;
			children = (
				50BAE4372CF3BB3C00B5E74E /* EvenGame.swift */,
				50BAE43B2CF3BBC400B5E74E /* EvenCalc.swift */,
				50BAE43D2CF3BC1200B5E74E /* BrainGSD.swift */,
				50BAE43F2CF3BC7700B5E74E /* ProgressionGame.swift */,
				50BAE4412CF3BCAD00B5E74E /* PrimeNumber.swift */,
			);
			name = games;
			path = ../../../../.Trash/games;
			sourceTree = "<group>";
		};
/* End PBXGroup section */

/* Begin PBXNativeTarget section */
		50BAE41E2CF3B71F00B5E74E /* Swift Game */ = {
			isa = PBXNativeTarget;
			buildConfigurationList = 50BAE4262CF3B71F00B5E74E /* Build configuration list for PBXNativeTarget "Swift Game" */;
			buildPhases = (
				50BAE41B2CF3B71F00B5E74E /* Sources */,
				50BAE41C2CF3B71F00B5E74E /* Frameworks */,
				50BAE41D2CF3B71F00B5E74E /* CopyFiles */,
			);
			buildRules = (
			);
			dependencies = (
			);
			name = "Swift Game";
			productName = "Swift Game";
			productReference = 50BAE41F2CF3B71F00B5E74E /* Swift Game */;
			productType = "com.apple.product-type.tool";
		};
/* End PBXNativeTarget section */

/* Begin PBXProject section */
		50BAE4172CF3B71F00B5E74E /* Project object */ = {
			isa = PBXProject;
			attributes = {
				BuildIndependentTargetsInParallel = 1;
				LastSwiftUpdateCheck = 1540;
				LastUpgradeCheck = 1540;
				TargetAttributes = {
					50BAE41E2CF3B71F00B5E74E = {
						CreatedOnToolsVersion = 15.4;
					};
				};
			};
			buildConfigurationList = 50BAE41A2CF3B71F00B5E74E /* Build configuration list for PBXProject "Swift Game" */;
			compatibilityVersion = "Xcode 14.0";
			developmentRegion = en;
			hasScannedForEncodings = 0;
			knownRegions = (
				en,
				Base,
			);
			mainGroup = 50BAE4162CF3B71F00B5E74E;
			productRefGroup = 50BAE4202CF3B71F00B5E74E /* Products */;
			projectDirPath = "";
			projectRoot = "";
			targets = (
				50BAE41E2CF3B71F00B5E74E /* Swift Game */,
			);
		};
/* End PBXProject section */

/* Begin PBXSourcesBuildPhase section */
		50BAE41B2CF3B71F00B5E74E /* Sources */ = {
			isa = PBXSourcesBuildPhase;
			buildActionMask = 2147483647;
			files = (
				50BAE4352CF3BA3100B5E74E /* GameRound.swift in Sources */,
				50BAE4422CF3BCAD00B5E74E /* PrimeNumber.swift in Sources */,
				50BAE42A2CF3B75600B5E74E /* Cli.swift in Sources */,
				50BAE43C2CF3BBC400B5E74E /* EvenCalc.swift in Sources */,
				50BAE42C2CF3B7AC00B5E74E /* GameEngine.swift in Sources */,
				50BAE4382CF3BB3C00B5E74E /* EvenGame.swift in Sources */,
				50BAE4402CF3BC7700B5E74E /* ProgressionGame.swift in Sources */,
				50BAE4232CF3B71F00B5E74E /* main.swift in Sources */,
				50BAE43E2CF3BC1300B5E74E /* BrainGSD.swift in Sources */,
			);
			runOnlyForDeploymentPostprocessing = 0;
		};
/* End PBXSourcesBuildPhase section */

/* Begin XCBuildConfiguration section */
		50BAE4242CF3B71F00B5E74E /* Debug */ = {
			isa = XCBuildConfiguration;
			buildSettings = {
				ALWAYS_SEARCH_USER_PATHS = NO;
				ASSETCATALOG_COMPILER_GENERATE_SWIFT_ASSET_SYMBOL_EXTENSIONS = YES;
				CLANG_ANALYZER_NONNULL = YES;
				CLANG_ANALYZER_NUMBER_OBJECT_CONVERSION = YES_AGGRESSIVE;
				CLANG_CXX_LANGUAGE_STANDARD = "gnu++20";
				CLANG_ENABLE_MODULES = YES;
				CLANG_ENABLE_OBJC_ARC = YES;
				CLANG_ENABLE_OBJC_WEAK = YES;
				CLANG_WARN_BLOCK_CAPTURE_AUTORELEASING = YES;
				CLANG_WARN_BOOL_CONVERSION = YES;
				CLANG_WARN_COMMA = YES;
				CLANG_WARN_CONSTANT_CONVERSION = YES;
				CLANG_WARN_DEPRECATED_OBJC_IMPLEMENTATIONS = YES;
				CLANG_WARN_DIRECT_OBJC_ISA_USAGE = YES_ERROR;
				CLANG_WARN_DOCUMENTATION_COMMENTS = YES;
				CLANG_WARN_EMPTY_BODY = YES;
				CLANG_WARN_ENUM_CONVERSION = YES;
				CLANG_WARN_INFINITE_RECURSION = YES;
				CLANG_WARN_INT_CONVERSION = YES;
				CLANG_WARN_NON_LITERAL_NULL_CONVERSION = YES;
				CLANG_WARN_OBJC_IMPLICIT_RETAIN_SELF = YES;
				CLANG_WARN_OBJC_LITERAL_CONVERSION = YES;
				CLANG_WARN_OBJC_ROOT_CLASS = YES_ERROR;
				CLANG_WARN_QUOTED_INCLUDE_IN_FRAMEWORK_HEADER = YES;
				CLANG_WARN_RANGE_LOOP_ANALYSIS = YES;
				CLANG_WARN_STRICT_PROTOTYPES = YES;
				CLANG_WARN_SUSPICIOUS_MOVE = YES;
				CLANG_WARN_UNGUARDED_AVAILABILITY = YES_AGGRESSIVE;
				CLANG_WARN_UNREACHABLE_CODE = YES;
				CLANG_WARN__DUPLICATE_METHOD_MATCH = YES;
				COPY_PHASE_STRIP = NO;
				DEBUG_INFORMATION_FORMAT = dwarf;
				ENABLE_STRICT_OBJC_MSGSEND = YES;
				ENABLE_TESTABILITY = YES;
				ENABLE_USER_SCRIPT_SANDBOXING = YES;
				GCC_C_LANGUAGE_STANDARD = gnu17;
				GCC_DYNAMIC_NO_PIC = NO;
				GCC_NO_COMMON_BLOCKS = YES;
				GCC_OPTIMIZATION_LEVEL = 0;
				GCC_PREPROCESSOR_DEFINITIONS = (
					"DEBUG=1",
					"$(inherited)",
				);
				GCC_WARN_64_TO_32_BIT_CONVERSION = YES;
				GCC_WARN_ABOUT_RETURN_TYPE = YES_ERROR;
				GCC_WARN_UNDECLARED_SELECTOR = YES;
				GCC_WARN_UNINITIALIZED_AUTOS = YES_AGGRESSIVE;
				GCC_WARN_UNUSED_FUNCTION = YES;
				GCC_WARN_UNUSED_VARIABLE = YES;
				LOCALIZATION_PREFERS_STRING_CATALOGS = YES;
				MACOSX_DEPLOYMENT_TARGET = 14.4;
				MTL_ENABLE_DEBUG_INFO = INCLUDE_SOURCE;
				MTL_FAST_MATH = YES;
				ONLY_ACTIVE_ARCH = YES;
				SDKROOT = macosx;
				SWIFT_ACTIVE_COMPILATION_CONDITIONS = "DEBUG $(inherited)";
				SWIFT_OPTIMIZATION_LEVEL = "-Onone";
			};
			name = Debug;
		};
		50BAE4252CF3B71F00B5E74E /* Release */ = {
			isa = XCBuildConfiguration;
			buildSettings = {
				ALWAYS_SEARCH_USER_PATHS = NO;
				ASSETCATALOG_COMPILER_GENERATE_SWIFT_ASSET_SYMBOL_EXTENSIONS = YES;
				CLANG_ANALYZER_NONNULL = YES;
				CLANG_ANALYZER_NUMBER_OBJECT_CONVERSION = YES_AGGRESSIVE;
				CLANG_CXX_LANGUAGE_STANDARD = "gnu++20";
				CLANG_ENABLE_MODULES = YES;
				CLANG_ENABLE_OBJC_ARC = YES;
				CLANG_ENABLE_OBJC_WEAK = YES;
				CLANG_WARN_BLOCK_CAPTURE_AUTORELEASING = YES;
				CLANG_WARN_BOOL_CONVERSION = YES;
				CLANG_WARN_COMMA = YES;
				CLANG_WARN_CONSTANT_CONVERSION = YES;
				CLANG_WARN_DEPRECATED_OBJC_IMPLEMENTATIONS = YES;
				CLANG_WARN_DIRECT_OBJC_ISA_USAGE = YES_ERROR;
				CLANG_WARN_DOCUMENTATION_COMMENTS = YES;
				CLANG_WARN_EMPTY_BODY = YES;
				CLANG_WARN_ENUM_CONVERSION = YES;
				CLANG_WARN_INFINITE_RECURSION = YES;
				CLANG_WARN_INT_CONVERSION = YES;
				CLANG_WARN_NON_LITERAL_NULL_CONVERSION = YES;
				CLANG_WARN_OBJC_IMPLICIT_RETAIN_SELF = YES;
				CLANG_WARN_OBJC_LITERAL_CONVERSION = YES;
				CLANG_WARN_OBJC_ROOT_CLASS = YES_ERROR;
				CLANG_WARN_QUOTED_INCLUDE_IN_FRAMEWORK_HEADER = YES;
				CLANG_WARN_RANGE_LOOP_ANALYSIS = YES;
				CLANG_WARN_STRICT_PROTOTYPES = YES;
				CLANG_WARN_SUSPICIOUS_MOVE = YES;
				CLANG_WARN_UNGUARDED_AVAILABILITY = YES_AGGRESSIVE;
				CLANG_WARN_UNREACHABLE_CODE = YES;
				CLANG_WARN__DUPLICATE_METHOD_MATCH = YES;
				COPY_PHASE_STRIP = NO;
				DEBUG_INFORMATION_FORMAT = "dwarf-with-dsym";
				ENABLE_NS_ASSERTIONS = NO;
				ENABLE_STRICT_OBJC_MSGSEND = YES;
				ENABLE_USER_SCRIPT_SANDBOXING = YES;
				GCC_C_LANGUAGE_STANDARD = gnu17;
				GCC_NO_COMMON_BLOCKS = YES;
				GCC_WARN_64_TO_32_BIT_CONVERSION = YES;
				GCC_WARN_ABOUT_RETURN_TYPE = YES_ERROR;
				GCC_WARN_UNDECLARED_SELECTOR = YES;
				GCC_WARN_UNINITIALIZED_AUTOS = YES_AGGRESSIVE;
				GCC_WARN_UNUSED_FUNCTION = YES;
				GCC_WARN_UNUSED_VARIABLE = YES;
				LOCALIZATION_PREFERS_STRING_CATALOGS = YES;
				MACOSX_DEPLOYMENT_TARGET = 14.4;
				MTL_ENABLE_DEBUG_INFO = NO;
				MTL_FAST_MATH = YES;
				SDKROOT = macosx;
				SWIFT_COMPILATION_MODE = wholemodule;
			};
			name = Release;
		};
		50BAE4272CF3B71F00B5E74E /* Debug */ = {
			isa = XCBuildConfiguration;
			buildSettings = {
				CODE_SIGN_STYLE = Automatic;
				DEVELOPMENT_TEAM = N9VU636ZTX;
				ENABLE_HARDENED_RUNTIME = YES;
				PRODUCT_NAME = "$(TARGET_NAME)";
				SWIFT_VERSION = 5.0;
			};
			name = Debug;
		};
		50BAE4282CF3B71F00B5E74E /* Release */ = {
			isa = XCBuildConfiguration;
			buildSettings = {
				CODE_SIGN_STYLE = Automatic;
				DEVELOPMENT_TEAM = N9VU636ZTX;
				ENABLE_HARDENED_RUNTIME = YES;
				PRODUCT_NAME = "$(TARGET_NAME)";
				SWIFT_VERSION = 5.0;
			};
			name = Release;
		};
/* End XCBuildConfiguration section */

/* Begin XCConfigurationList section */
		50BAE41A2CF3B71F00B5E74E /* Build configuration list for PBXProject "Swift Game" */ = {
			isa = XCConfigurationList;
			buildConfigurations = (
				50BAE4242CF3B71F00B5E74E /* Debug */,
				50BAE4252CF3B71F00B5E74E /* Release */,
			);
			defaultConfigurationIsVisible = 0;
			defaultConfigurationName = Release;
		};
		50BAE4262CF3B71F00B5E74E /* Build configuration list for PBXNativeTarget "Swift Game" */ = {
			isa = XCConfigurationList;
			buildConfigurations = (
				50BAE4272CF3B71F00B5E74E /* Debug */,
				50BAE4282CF3B71F00B5E74E /* Release */,
			);
			defaultConfigurationIsVisible = 0;
			defaultConfigurationName = Release;
		};
/* End XCConfigurationList section */
	};
	rootObject = 50BAE4172CF3B71F00B5E74E /* Project object */;
}
